// !$*UTF8*$!
{
	archiveVersion = 1;
	classes = {
	};
	objectVersion = 46;
	objects = {

/* Begin PBXBuildFile section */
		D10682E21C4A1815001C2F78 /* AppDelegate.swift in Sources */ = {isa = PBXBuildFile; fileRef = D10682E11C4A1815001C2F78 /* AppDelegate.swift */; };
		D10682E41C4A1815001C2F78 /* ViewController.swift in Sources */ = {isa = PBXBuildFile; fileRef = D10682E31C4A1815001C2F78 /* ViewController.swift */; };
		D10682E91C4A1815001C2F78 /* Assets.xcassets in Resources */ = {isa = PBXBuildFile; fileRef = D10682E81C4A1815001C2F78 /* Assets.xcassets */; };
		D10682EC1C4A1815001C2F78 /* LaunchScreen.storyboard in Resources */ = {isa = PBXBuildFile; fileRef = D10682EA1C4A1815001C2F78 /* LaunchScreen.storyboard */; };
		D10682F71C4A1816001C2F78 /* FastAndSlowTests.swift in Sources */ = {isa = PBXBuildFile; fileRef = D10682F61C4A1816001C2F78 /* FastAndSlowTests.swift */; };
		D10683021C4A1816001C2F78 /* FastAndSlowUITests.swift in Sources */ = {isa = PBXBuildFile; fileRef = D10683011C4A1816001C2F78 /* FastAndSlowUITests.swift */; };
		D10683111C4A19DD001C2F78 /* ViewController.swift in Sources */ = {isa = PBXBuildFile; fileRef = D106830F1C4A19DD001C2F78 /* ViewController.swift */; };
		D10683121C4A19DD001C2F78 /* ViewController.xib in Resources */ = {isa = PBXBuildFile; fileRef = D10683101C4A19DD001C2F78 /* ViewController.xib */; };
/* End PBXBuildFile section */

/* Begin PBXContainerItemProxy section */
		D10682F31C4A1816001C2F78 /* PBXContainerItemProxy */ = {
			isa = PBXContainerItemProxy;
			containerPortal = D10682D61C4A1815001C2F78 /* Project object */;
			proxyType = 1;
			remoteGlobalIDString = D10682DD1C4A1815001C2F78;
			remoteInfo = FastAndSlow;
		};
		D10682FE1C4A1816001C2F78 /* PBXContainerItemProxy */ = {
			isa = PBXContainerItemProxy;
			containerPortal = D10682D61C4A1815001C2F78 /* Project object */;
			proxyType = 1;
			remoteGlobalIDString = D10682DD1C4A1815001C2F78;
			remoteInfo = FastAndSlow;
		};
/* End PBXContainerItemProxy section */

/* Begin PBXFileReference section */
		D10682DE1C4A1815001C2F78 /* FastAndSlow.app */ = {isa = PBXFileReference; explicitFileType = wrapper.application; includeInIndex = 0; path = FastAndSlow.app; sourceTree = BUILT_PRODUCTS_DIR; };
		D10682E11C4A1815001C2F78 /* AppDelegate.swift */ = {isa = PBXFileReference; lastKnownFileType = sourcecode.swift; path = AppDelegate.swift; sourceTree = "<group>"; };
		D10682E31C4A1815001C2F78 /* ViewController.swift */ = {isa = PBXFileReference; lastKnownFileType = sourcecode.swift; path = ViewController.swift; sourceTree = "<group>"; };
		D10682E81C4A1815001C2F78 /* Assets.xcassets */ = {isa = PBXFileReference; lastKnownFileType = folder.assetcatalog; path = Assets.xcassets; sourceTree = "<group>"; };
		D10682EB1C4A1815001C2F78 /* Base */ = {isa = PBXFileReference; lastKnownFileType = file.storyboard; name = Base; path = Base.lproj/LaunchScreen.storyboard; sourceTree = "<group>"; };
		D10682ED1C4A1815001C2F78 /* Info.plist */ = {isa = PBXFileReference; lastKnownFileType = text.plist.xml; path = Info.plist; sourceTree = "<group>"; };
		D10682F21C4A1816001C2F78 /* FastAndSlowTests.xctest */ = {isa = PBXFileReference; explicitFileType = wrapper.cfbundle; includeInIndex = 0; path = FastAndSlowTests.xctest; sourceTree = BUILT_PRODUCTS_DIR; };
		D10682F61C4A1816001C2F78 /* FastAndSlowTests.swift */ = {isa = PBXFileReference; lastKnownFileType = sourcecode.swift; path = FastAndSlowTests.swift; sourceTree = "<group>"; };
		D10682F81C4A1816001C2F78 /* Info.plist */ = {isa = PBXFileReference; lastKnownFileType = text.plist.xml; path = Info.plist; sourceTree = "<group>"; };
		D10682FD1C4A1816001C2F78 /* FastAndSlowUITests.xctest */ = {isa = PBXFileReference; explicitFileType = wrapper.cfbundle; includeInIndex = 0; path = FastAndSlowUITests.xctest; sourceTree = BUILT_PRODUCTS_DIR; };
		D10683011C4A1816001C2F78 /* FastAndSlowUITests.swift */ = {isa = PBXFileReference; lastKnownFileType = sourcecode.swift; path = FastAndSlowUITests.swift; sourceTree = "<group>"; };
		D10683031C4A1816001C2F78 /* Info.plist */ = {isa = PBXFileReference; lastKnownFileType = text.plist.xml; path = Info.plist; sourceTree = "<group>"; };
		D106830F1C4A19DD001C2F78 /* ViewController.swift */ = {isa = PBXFileReference; fileEncoding = 4; lastKnownFileType = sourcecode.swift; path = ViewController.swift; sourceTree = "<group>"; };
		D10683101C4A19DD001C2F78 /* ViewController.xib */ = {isa = PBXFileReference; fileEncoding = 4; lastKnownFileType = file.xib; path = ViewController.xib; sourceTree = "<group>"; };
/* End PBXFileReference section */

/* Begin PBXFrameworksBuildPhase section */
		D10682DB1C4A1815001C2F78 /* Frameworks */ = {
			isa = PBXFrameworksBuildPhase;
			buildActionMask = 2147483647;
			files = (
			);
			runOnlyForDeploymentPostprocessing = 0;
		};
		D10682EF1C4A1816001C2F78 /* Frameworks */ = {
			isa = PBXFrameworksBuildPhase;
			buildActionMask = 2147483647;
			files = (
			);
			runOnlyForDeploymentPostprocessing = 0;
		};
		D10682FA1C4A1816001C2F78 /* Frameworks */ = {
			isa = PBXFrameworksBuildPhase;
			buildActionMask = 2147483647;
			files = (
			);
			runOnlyForDeploymentPostprocessing = 0;
		};
/* End PBXFrameworksBuildPhase section */

/* Begin PBXGroup section */
		D10682D51C4A1815001C2F78 = {
			isa = PBXGroup;
			children = (
				D106830F1C4A19DD001C2F78 /* ViewController.swift */,
				D10683101C4A19DD001C2F78 /* ViewController.xib */,
				D10682E01C4A1815001C2F78 /* FastAndSlow */,
				D10682F51C4A1816001C2F78 /* FastAndSlowTests */,
				D10683001C4A1816001C2F78 /* FastAndSlowUITests */,
				D10682DF1C4A1815001C2F78 /* Products */,
			);
			sourceTree = "<group>";
		};
		D10682DF1C4A1815001C2F78 /* Products */ = {
			isa = PBXGroup;
			children = (
				D10682DE1C4A1815001C2F78 /* FastAndSlow.app */,
				D10682F21C4A1816001C2F78 /* FastAndSlowTests.xctest */,
				D10682FD1C4A1816001C2F78 /* FastAndSlowUITests.xctest */,
			);
			name = Products;
			sourceTree = "<group>";
		};
		D10682E01C4A1815001C2F78 /* FastAndSlow */ = {
			isa = PBXGroup;
			children = (
				D10682E11C4A1815001C2F78 /* AppDelegate.swift */,
				D10682E31C4A1815001C2F78 /* ViewController.swift */,
				D10682E81C4A1815001C2F78 /* Assets.xcassets */,
				D10682EA1C4A1815001C2F78 /* LaunchScreen.storyboard */,
				D10682ED1C4A1815001C2F78 /* Info.plist */,
			);
			path = FastAndSlow;
			sourceTree = "<group>";
		};
		D10682F51C4A1816001C2F78 /* FastAndSlowTests */ = {
			isa = PBXGroup;
			children = (
				D10682F61C4A1816001C2F78 /* FastAndSlowTests.swift */,
				D10682F81C4A1816001C2F78 /* Info.plist */,
			);
			path = FastAndSlowTests;
			sourceTree = "<group>";
		};
		D10683001C4A1816001C2F78 /* FastAndSlowUITests */ = {
			isa = PBXGroup;
			children = (
				D10683011C4A1816001C2F78 /* FastAndSlowUITests.swift */,
				D10683031C4A1816001C2F78 /* Info.plist */,
			);
			path = FastAndSlowUITests;
			sourceTree = "<group>";
		};
/* End PBXGroup section */

/* Begin PBXNativeTarget section */
		D10682DD1C4A1815001C2F78 /* FastAndSlow */ = {
			isa = PBXNativeTarget;
			buildConfigurationList = D10683061C4A1816001C2F78 /* Build configuration list for PBXNativeTarget "FastAndSlow" */;
			buildPhases = (
				D10682DA1C4A1815001C2F78 /* Sources */,
				D10682DB1C4A1815001C2F78 /* Frameworks */,
				D10682DC1C4A1815001C2F78 /* Resources */,
			);
			buildRules = (
			);
			dependencies = (
			);
			name = FastAndSlow;
			productName = FastAndSlow;
			productReference = D10682DE1C4A1815001C2F78 /* FastAndSlow.app */;
			productType = "com.apple.product-type.application";
		};
		D10682F11C4A1816001C2F78 /* FastAndSlowTests */ = {
			isa = PBXNativeTarget;
			buildConfigurationList = D10683091C4A1816001C2F78 /* Build configuration list for PBXNativeTarget "FastAndSlowTests" */;
			buildPhases = (
				D10682EE1C4A1816001C2F78 /* Sources */,
				D10682EF1C4A1816001C2F78 /* Frameworks */,
				D10682F01C4A1816001C2F78 /* Resources */,
			);
			buildRules = (
			);
			dependencies = (
				D10682F41C4A1816001C2F78 /* PBXTargetDependency */,
			);
			name = FastAndSlowTests;
			productName = FastAndSlowTests;
			productReference = D10682F21C4A1816001C2F78 /* FastAndSlowTests.xctest */;
			productType = "com.apple.product-type.bundle.unit-test";
		};
		D10682FC1C4A1816001C2F78 /* FastAndSlowUITests */ = {
			isa = PBXNativeTarget;
			buildConfigurationList = D106830C1C4A1816001C2F78 /* Build configuration list for PBXNativeTarget "FastAndSlowUITests" */;
			buildPhases = (
				D10682F91C4A1816001C2F78 /* Sources */,
				D10682FA1C4A1816001C2F78 /* Frameworks */,
				D10682FB1C4A1816001C2F78 /* Resources */,
			);
			buildRules = (
			);
			dependencies = (
				D10682FF1C4A1816001C2F78 /* PBXTargetDependency */,
			);
			name = FastAndSlowUITests;
			productName = FastAndSlowUITests;
			productReference = D10682FD1C4A1816001C2F78 /* FastAndSlowUITests.xctest */;
			productType = "com.apple.product-type.bundle.ui-testing";
		};
/* End PBXNativeTarget section */

/* Begin PBXProject section */
		D10682D61C4A1815001C2F78 /* Project object */ = {
			isa = PBXProject;
			attributes = {
				LastSwiftUpdateCheck = 0710;
				LastUpgradeCheck = 0710;
				ORGANIZATIONNAME = "Vetri Selvi Vairamuthu";
				TargetAttributes = {
					D10682DD1C4A1815001C2F78 = {
						CreatedOnToolsVersion = 7.1.1;
						DevelopmentTeam = A476T289XU;
					};
					D10682F11C4A1816001C2F78 = {
						CreatedOnToolsVersion = 7.1.1;
						DevelopmentTeam = A476T289XU;
						TestTargetID = D10682DD1C4A1815001C2F78;
					};
					D10682FC1C4A1816001C2F78 = {
						CreatedOnToolsVersion = 7.1.1;
						DevelopmentTeam = A476T289XU;
						TestTargetID = D10682DD1C4A1815001C2F78;
					};
				};
			};
			buildConfigurationList = D10682D91C4A1815001C2F78 /* Build configuration list for PBXProject "FastAndSlow" */;
			compatibilityVersion = "Xcode 3.2";
			developmentRegion = English;
			hasScannedForEncodings = 0;
			knownRegions = (
				en,
				Base,
			);
			mainGroup = D10682D51C4A1815001C2F78;
			productRefGroup = D10682DF1C4A1815001C2F78 /* Products */;
			projectDirPath = "";
			projectRoot = "";
			targets = (
				D10682DD1C4A1815001C2F78 /* FastAndSlow */,
				D10682F11C4A1816001C2F78 /* FastAndSlowTests */,
				D10682FC1C4A1816001C2F78 /* FastAndSlowUITests */,
			);
		};
/* End PBXProject section */

/* Begin PBXResourcesBuildPhase section */
		D10682DC1C4A1815001C2F78 /* Resources */ = {
			isa = PBXResourcesBuildPhase;
			buildActionMask = 2147483647;
			files = (
				D10682EC1C4A1815001C2F78 /* LaunchScreen.storyboard in Resources */,
				D10683121C4A19DD001C2F78 /* ViewController.xib in Resources */,
				D10682E91C4A1815001C2F78 /* Assets.xcassets in Resources */,
			);
			runOnlyForDeploymentPostprocessing = 0;
		};
		D10682F01C4A1816001C2F78 /* Resources */ = {
			isa = PBXResourcesBuildPhase;
			buildActionMask = 2147483647;
			files = (
			);
			runOnlyForDeploymentPostprocessing = 0;
		};
		D10682FB1C4A1816001C2F78 /* Resources */ = {
			isa = PBXResourcesBuildPhase;
			buildActionMask = 2147483647;
			files = (
			);
			runOnlyForDeploymentPostprocessing = 0;
		};
/* End PBXResourcesBuildPhase section */

/* Begin PBXSourcesBuildPhase section */
		D10682DA1C4A1815001C2F78 /* Sources */ = {
			isa = PBXSourcesBuildPhase;
			buildActionMask = 2147483647;
			files = (
				D10683111C4A19DD001C2F78 /* ViewController.swift in Sources */,
				D10682E41C4A1815001C2F78 /* ViewController.swift in Sources */,
				D10682E21C4A1815001C2F78 /* AppDelegate.swift in Sources */,
			);
			runOnlyForDeploymentPostprocessing = 0;
		};
		D10682EE1C4A1816001C2F78 /* Sources */ = {
			isa = PBXSourcesBuildPhase;
			buildActionMask = 2147483647;
			files = (
				D10682F71C4A1816001C2F78 /* FastAndSlowTests.swift in Sources */,
			);
			runOnlyForDeploymentPostprocessing = 0;
		};
		D10682F91C4A1816001C2F78 /* Sources */ = {
			isa = PBXSourcesBuildPhase;
			buildActionMask = 2147483647;
			files = (
				D10683021C4A1816001C2F78 /* FastAndSlowUITests.swift in Sources */,
			);
			runOnlyForDeploymentPostprocessing = 0;
		};
/* End PBXSourcesBuildPhase section */

/* Begin PBXTargetDependency section */
		D10682F41C4A1816001C2F78 /* PBXTargetDependency */ = {
			isa = PBXTargetDependency;
			target = D10682DD1C4A1815001C2F78 /* FastAndSlow */;
			targetProxy = D10682F31C4A1816001C2F78 /* PBXContainerItemProxy */;
		};
		D10682FF1C4A1816001C2F78 /* PBXTargetDependency */ = {
			isa = PBXTargetDependency;
			target = D10682DD1C4A1815001C2F78 /* FastAndSlow */;
			targetProxy = D10682FE1C4A1816001C2F78 /* PBXContainerItemProxy */;
		};
/* End PBXTargetDependency section */

/* Begin PBXVariantGroup section */
		D10682EA1C4A1815001C2F78 /* LaunchScreen.storyboard */ = {
			isa = PBXVariantGroup;
			children = (
				D10682EB1C4A1815001C2F78 /* Base */,
			);
			name = LaunchScreen.storyboard;
			sourceTree = "<group>";
		};
/* End PBXVariantGroup section */

/* Begin XCBuildConfiguration section */
		D10683041C4A1816001C2F78 /* Debug */ = {
			isa = XCBuildConfiguration;
			buildSettings = {
				ALWAYS_SEARCH_USER_PATHS = NO;
				CLANG_CXX_LANGUAGE_STANDARD = "gnu++0x";
				CLANG_CXX_LIBRARY = "libc++";
				CLANG_ENABLE_MODULES = YES;
				CLANG_ENABLE_OBJC_ARC = YES;
				CLANG_WARN_BOOL_CONVERSION = YES;
				CLANG_WARN_CONSTANT_CONVERSION = YES;
				CLANG_WARN_DIRECT_OBJC_ISA_USAGE = YES_ERROR;
				CLANG_WARN_EMPTY_BODY = YES;
				CLANG_WARN_ENUM_CONVERSION = YES;
				CLANG_WARN_INT_CONVERSION = YES;
				CLANG_WARN_OBJC_ROOT_CLASS = YES_ERROR;
				CLANG_WARN_UNREACHABLE_CODE = YES;
				CLANG_WARN__DUPLICATE_METHOD_MATCH = YES;
				"CODE_SIGN_IDENTITY[sdk=iphoneos*]" = "iPhone Developer";
				COPY_PHASE_STRIP = NO;
				DEBUG_INFORMATION_FORMAT = dwarf;
				ENABLE_STRICT_OBJC_MSGSEND = YES;
				ENABLE_TESTABILITY = YES;
				GCC_C_LANGUAGE_STANDARD = gnu99;
				GCC_DYNAMIC_NO_PIC = NO;
				GCC_NO_COMMON_BLOCKS = YES;
				GCC_OPTIMIZATION_LEVEL = 0;
				GCC_PREPROCESSOR_DEFINITIONS = (
					"DEBUG=1",
					"$(inherited)",
				);
				GCC_WARN_64_TO_32_BIT_CONVERSION = YES;
				GCC_WARN_ABOUT_RETURN_TYPE = YES_ERROR;
				GCC_WARN_UNDECLARED_SELECTOR = YES;
				GCC_WARN_UNINITIALIZED_AUTOS = YES_AGGRESSIVE;
				GCC_WARN_UNUSED_FUNCTION = YES;
				GCC_WARN_UNUSED_VARIABLE = YES;
				IPHONEOS_DEPLOYMENT_TARGET = 9.1;
				MTL_ENABLE_DEBUG_INFO = YES;
				ONLY_ACTIVE_ARCH = YES;
				SDKROOT = iphoneos;
				SWIFT_OPTIMIZATION_LEVEL = "-Onone";
				TARGETED_DEVICE_FAMILY = "1,2";
			};
			name = Debug;
		};
		D10683051C4A1816001C2F78 /* Release */ = {
			isa = XCBuildConfiguration;
			buildSettings = {
				ALWAYS_SEARCH_USER_PATHS = NO;
				CLANG_CXX_LANGUAGE_STANDARD = "gnu++0x";
				CLANG_CXX_LIBRARY = "libc++";
				CLANG_ENABLE_MODULES = YES;
				CLANG_ENABLE_OBJC_ARC = YES;
				CLANG_WARN_BOOL_CONVERSION = YES;
				CLANG_WARN_CONSTANT_CONVERSION = YES;
				CLANG_WARN_DIRECT_OBJC_ISA_USAGE = YES_ERROR;
				CLANG_WARN_EMPTY_BODY = YES;
				CLANG_WARN_ENUM_CONVERSION = YES;
				CLANG_WARN_INT_CONVERSION = YES;
				CLANG_WARN_OBJC_ROOT_CLASS = YES_ERROR;
				CLANG_WARN_UNREACHABLE_CODE = YES;
				CLANG_WARN__DUPLICATE_METHOD_MATCH = YES;
				"CODE_SIGN_IDENTITY[sdk=iphoneos*]" = "iPhone Developer";
				COPY_PHASE_STRIP = NO;
				DEBUG_INFORMATION_FORMAT = "dwarf-with-dsym";
				ENABLE_NS_ASSERTIONS = NO;
				ENABLE_STRICT_OBJC_MSGSEND = YES;
				GCC_C_LANGUAGE_STANDARD = gnu99;
				GCC_NO_COMMON_BLOCKS = YES;
				GCC_WARN_64_TO_32_BIT_CONVERSION = YES;
				GCC_WARN_ABOUT_RETURN_TYPE = YES_ERROR;
				GCC_WARN_UNDECLARED_SELECTOR = YES;
				GCC_WARN_UNINITIALIZED_AUTOS = YES_AGGRESSIVE;
				GCC_WARN_UNUSED_FUNCTION = YES;
				GCC_WARN_UNUSED_VARIABLE = YES;
				IPHONEOS_DEPLOYMENT_TARGET = 9.1;
				MTL_ENABLE_DEBUG_INFO = NO;
				SDKROOT = iphoneos;
				TARGETED_DEVICE_FAMILY = "1,2";
				VALIDATE_PRODUCT = YES;
			};
			name = Release;
		};
		D10683071C4A1816001C2F78 /* Debug */ = {
			isa = XCBuildConfiguration;
			buildSettings = {
				ASSETCATALOG_COMPILER_APPICON_NAME = AppIcon;
				INFOPLIST_FILE = FastAndSlow/Info.plist;
				LD_RUNPATH_SEARCH_PATHS = "$(inherited) @executable_path/Frameworks";
				PRODUCT_BUNDLE_IDENTIFIER = com.vetriselvi.FastAndSlow;
				PRODUCT_NAME = "$(TARGET_NAME)";
			};
			name = Debug;
		};
		D10683081C4A1816001C2F78 /* Release */ = {
			isa = XCBuildConfiguration;
			buildSettings = {
				ASSETCATALOG_COMPILER_APPICON_NAME = AppIcon;
				INFOPLIST_FILE = FastAndSlow/Info.plist;
				LD_RUNPATH_SEARCH_PATHS = "$(inherited) @executable_path/Frameworks";
				PRODUCT_BUNDLE_IDENTIFIER = com.vetriselvi.FastAndSlow;
				PRODUCT_NAME = "$(TARGET_NAME)";
			};
			name = Release;
		};
		D106830A1C4A1816001C2F78 /* Debug */ = {
			isa = XCBuildConfiguration;
			buildSettings = {
				BUNDLE_LOADER = "$(TEST_HOST)";
				INFOPLIST_FILE = FastAndSlowTests/Info.plist;
				LD_RUNPATH_SEARCH_PATHS = "$(inherited) @executable_path/Frameworks @loader_path/Frameworks";
				PRODUCT_BUNDLE_IDENTIFIER = com.vetriselvi.FastAndSlowTests;
				PRODUCT_NAME = "$(TARGET_NAME)";
				TEST_HOST = "$(BUILT_PRODUCTS_DIR)/FastAndSlow.app/FastAndSlow";
			};
			name = Debug;
		};
		D106830B1C4A1816001C2F78 /* Release */ = {
			isa = XCBuildConfiguration;
			buildSettings = {
				BUNDLE_LOADER = "$(TEST_HOST)";
				INFOPLIST_FILE = FastAndSlowTests/Info.plist;
				LD_RUNPATH_SEARCH_PATHS = "$(inherited) @executable_path/Frameworks @loader_path/Frameworks";
				PRODUCT_BUNDLE_IDENTIFIER = com.vetriselvi.FastAndSlowTests;
				PRODUCT_NAME = "$(TARGET_NAME)";
				TEST_HOST = "$(BUILT_PRODUCTS_DIR)/FastAndSlow.app/FastAndSlow";
			};
			name = Release;
		};
		D106830D1C4A1816001C2F78 /* Debug */ = {
			isa = XCBuildConfiguration;
			buildSettings = {
				INFOPLIST_FILE = FastAndSlowUITests/Info.plist;
				LD_RUNPATH_SEARCH_PATHS = "$(inherited) @executable_path/Frameworks @loader_path/Frameworks";
				PRODUCT_BUNDLE_IDENTIFIER = com.vetriselvi.FastAndSlowUITests;
				PRODUCT_NAME = "$(TARGET_NAME)";
				TEST_TARGET_NAME = FastAndSlow;
				USES_XCTRUNNER = YES;
			};
			name = Debug;
		};
		D106830E1C4A1816001C2F78 /* Release */ = {
			isa = XCBuildConfiguration;
			buildSettings = {
				INFOPLIST_FILE = FastAndSlowUITests/Info.plist;
				LD_RUNPATH_SEARCH_PATHS = "$(inherited) @executable_path/Frameworks @loader_path/Frameworks";
				PRODUCT_BUNDLE_IDENTIFIER = com.vetriselvi.FastAndSlowUITests;
				PRODUCT_NAME = "$(TARGET_NAME)";
				TEST_TARGET_NAME = FastAndSlow;
				USES_XCTRUNNER = YES;
			};
			name = Release;
		};
/* End XCBuildConfiguration section */

/* Begin XCConfigurationList section */
		D10682D91C4A1815001C2F78 /* Build configuration list for PBXProject "FastAndSlow" */ = {
			isa = XCConfigurationList;
			buildConfigurations = (
				D10683041C4A1816001C2F78 /* Debug */,
				D10683051C4A1816001C2F78 /* Release */,
			);
			defaultConfigurationIsVisible = 0;
			defaultConfigurationName = Release;
		};
		D10683061C4A1816001C2F78 /* Build configuration list for PBXNativeTarget "FastAndSlow" */ = {
			isa = XCConfigurationList;
			buildConfigurations = (
				D10683071C4A1816001C2F78 /* Debug */,
				D10683081C4A1816001C2F78 /* Release */,
			);
			defaultConfigurationIsVisible = 0;
		};
		D10683091C4A1816001C2F78 /* Build configuration list for PBXNativeTarget "FastAndSlowTests" */ = {
			isa = XCConfigurationList;
			buildConfigurations = (
				D106830A1C4A1816001C2F78 /* Debug */,
				D106830B1C4A1816001C2F78 /* Release */,
			);
			defaultConfigurationIsVisible = 0;
		};
		D106830C1C4A1816001C2F78 /* Build configuration list for PBXNativeTarget "FastAndSlowUITests" */ = {
			isa = XCConfigurationList;
			buildConfigurations = (
				D106830D1C4A1816001C2F78 /* Debug */,
				D106830E1C4A1816001C2F78 /* Release */,
			);
			defaultConfigurationIsVisible = 0;
		};
/* End XCConfigurationList section */
	};
	rootObject = D10682D61C4A1815001C2F78 /* Project object */;
}
